
Microsoft Visual Studio Solution File, Format Version 12.00
# Visual Studio Version 17
VisualStudioVersion = 17.1.32210.238
MinimumVisualStudioVersion = 10.0.40219.1
Project("{9A19103F-16F7-4668-BE54-9A1E7A4F7556}") = "AKFAC0_HFT_2021222.Client", "AKFAC0_HFT_2021222.Client\AKFAC0_HFT_2021222.Client.csproj", "{1DAA0CA4-6F87-45CF-8FF8-AA5BF61A0C60}"
EndProject
Project("{9A19103F-16F7-4668-BE54-9A1E7A4F7556}") = "AKFAC0_HFT_2021222.Models", "AKFAC0_HFT_2021222.Models\AKFAC0_HFT_2021222.Models.csproj", "{2AD704A4-3806-4DD1-B24B-52016D6F6256}"
EndProject
Project("{9A19103F-16F7-4668-BE54-9A1E7A4F7556}") = "AKFAC0_HFT_2021222.Logic", "AKFAC0_HFT_2021222.Logic\AKFAC0_HFT_2021222.Logic.csproj", "{31956C05-5D30-45AE-8E13-0329F9F323E7}"
EndProject
Project("{9A19103F-16F7-4668-BE54-9A1E7A4F7556}") = "AKFAC0_HFT_2021222.Repository", "AKFAC0_HFT_2021222.Repository\AKFAC0_HFT_2021222.Repository.csproj", "{A73AC94F-DA2F-458F-BFF2-AE2C964F0E1D}"
EndProject
Project("{9A19103F-16F7-4668-BE54-9A1E7A4F7556}") = "AKFAC0_HFT_2021222.Endpoint", "AKFAC0_HFT_2021222.Endpoint\AKFAC0_HFT_2021222.Endpoint.csproj", "{7A80AAB5-89C9-4957-921F-BBDB33C0C92A}"
EndProject
Project("{9A19103F-16F7-4668-BE54-9A1E7A4F7556}") = "AKFAC0_HFT_2021222.Test", "AKFAC0_HFT_2021222.Test\AKFAC0_HFT_2021222.Test.csproj", "{FF0334A5-92AA-4F36-B3ED-AC7E32FAC3A4}"
EndProject
Project("{2150E333-8FDC-42A3-9474-1A3956D46DE8}") = "Backend", "Backend", "{8491D769-4472-4CAC-9AA9-FB1E3A2CC655}"
EndProject
Project("{2150E333-8FDC-42A3-9474-1A3956D46DE8}") = "Frontend", "Frontend", "{EF1B7EFB-6A8A-4D57-997A-A09A33846946}"
EndProject
Project("{2150E333-8FDC-42A3-9474-1A3956D46DE8}") = "Shared", "Shared", "{E645ECD6-85F6-4D42-8111-30BFE33004EC}"
EndProject
Project("{2150E333-8FDC-42A3-9474-1A3956D46DE8}") = "Others", "Others", "{E5A8E120-55A7-4154-A264-C35A57D678B8}"
	ProjectSection(SolutionItems) = preProject
		.gitignore = .gitignore
	EndProjectSection
EndProject
Global
	GlobalSection(SolutionConfigurationPlatforms) = preSolution
		Debug|Any CPU = Debug|Any CPU
		Release|Any CPU = Release|Any CPU
	EndGlobalSection
	GlobalSection(ProjectConfigurationPlatforms) = postSolution
		{1DAA0CA4-6F87-45CF-8FF8-AA5BF61A0C60}.Debug|Any CPU.ActiveCfg = Debug|Any CPU
		{1DAA0CA4-6F87-45CF-8FF8-AA5BF61A0C60}.Debug|Any CPU.Build.0 = Debug|Any CPU
		{1DAA0CA4-6F87-45CF-8FF8-AA5BF61A0C60}.Release|Any CPU.ActiveCfg = Release|Any CPU
		{1DAA0CA4-6F87-45CF-8FF8-AA5BF61A0C60}.Release|Any CPU.Build.0 = Release|Any CPU
		{2AD704A4-3806-4DD1-B24B-52016D6F6256}.Debug|Any CPU.ActiveCfg = Debug|Any CPU
		{2AD704A4-3806-4DD1-B24B-52016D6F6256}.Debug|Any CPU.Build.0 = Debug|Any CPU
		{2AD704A4-3806-4DD1-B24B-52016D6F6256}.Release|Any CPU.ActiveCfg = Release|Any CPU
		{2AD704A4-3806-4DD1-B24B-52016D6F6256}.Release|Any CPU.Build.0 = Release|Any CPU
		{31956C05-5D30-45AE-8E13-0329F9F323E7}.Debug|Any CPU.ActiveCfg = Debug|Any CPU
		{31956C05-5D30-45AE-8E13-0329F9F323E7}.Debug|Any CPU.Build.0 = Debug|Any CPU
		{31956C05-5D30-45AE-8E13-0329F9F323E7}.Release|Any CPU.ActiveCfg = Release|Any CPU
		{31956C05-5D30-45AE-8E13-0329F9F323E7}.Release|Any CPU.Build.0 = Release|Any CPU
		{A73AC94F-DA2F-458F-BFF2-AE2C964F0E1D}.Debug|Any CPU.ActiveCfg = Debug|Any CPU
		{A73AC94F-DA2F-458F-BFF2-AE2C964F0E1D}.Debug|Any CPU.Build.0 = Debug|Any CPU
		{A73AC94F-DA2F-458F-BFF2-AE2C964F0E1D}.Release|Any CPU.ActiveCfg = Release|Any CPU
		{A73AC94F-DA2F-458F-BFF2-AE2C964F0E1D}.Release|Any CPU.Build.0 = Release|Any CPU
		{7A80AAB5-89C9-4957-921F-BBDB33C0C92A}.Debug|Any CPU.ActiveCfg = Debug|Any CPU
		{7A80AAB5-89C9-4957-921F-BBDB33C0C92A}.Debug|Any CPU.Build.0 = Debug|Any CPU
		{7A80AAB5-89C9-4957-921F-BBDB33C0C92A}.Release|Any CPU.ActiveCfg = Release|Any CPU
		{7A80AAB5-89C9-4957-921F-BBDB33C0C92A}.Release|Any CPU.Build.0 = Release|Any CPU
		{FF0334A5-92AA-4F36-B3ED-AC7E32FAC3A4}.Debug|Any CPU.ActiveCfg = Debug|Any CPU
		{FF0334A5-92AA-4F36-B3ED-AC7E32FAC3A4}.Debug|Any CPU.Build.0 = Debug|Any CPU
		{FF0334A5-92AA-4F36-B3ED-AC7E32FAC3A4}.Release|Any CPU.ActiveCfg = Release|Any CPU
		{FF0334A5-92AA-4F36-B3ED-AC7E32FAC3A4}.Release|Any CPU.Build.0 = Release|Any CPU
	EndGlobalSection
	GlobalSection(SolutionProperties) = preSolution
		HideSolutionNode = FALSE
	EndGlobalSection
	GlobalSection(NestedProjects) = preSolution
		{1DAA0CA4-6F87-45CF-8FF8-AA5BF61A0C60} = {EF1B7EFB-6A8A-4D57-997A-A09A33846946}
		{2AD704A4-3806-4DD1-B24B-52016D6F6256} = {E645ECD6-85F6-4D42-8111-30BFE33004EC}
		{31956C05-5D30-45AE-8E13-0329F9F323E7} = {8491D769-4472-4CAC-9AA9-FB1E3A2CC655}
		{A73AC94F-DA2F-458F-BFF2-AE2C964F0E1D} = {8491D769-4472-4CAC-9AA9-FB1E3A2CC655}
		{7A80AAB5-89C9-4957-921F-BBDB33C0C92A} = {8491D769-4472-4CAC-9AA9-FB1E3A2CC655}
		{FF0334A5-92AA-4F36-B3ED-AC7E32FAC3A4} = {8491D769-4472-4CAC-9AA9-FB1E3A2CC655}
	EndGlobalSection
	GlobalSection(ExtensibilityGlobals) = postSolution
		SolutionGuid = {B21ED197-93EF-4B1B-BAE7-9B6D5B0807AC}
	EndGlobalSection
EndGlobal
